// !$*UTF8*$!
{
	archiveVersion = 1;
	classes = {
	};
	objectVersion = 55;
	objects = {

/* Begin PBXBuildFile section */
		3304F2625459F197D5ABEF6C /* Pods_HW2_9_WorkWithAnimation.framework in Frameworks */ = {isa = PBXBuildFile; fileRef = 8A4EA2EF906A014463745E71 /* Pods_HW2_9_WorkWithAnimation.framework */; };
		BA4E541E28BF829E0070CE6E /* AppDelegate.swift in Sources */ = {isa = PBXBuildFile; fileRef = BA4E541D28BF829E0070CE6E /* AppDelegate.swift */; };
		BA4E542028BF829E0070CE6E /* SceneDelegate.swift in Sources */ = {isa = PBXBuildFile; fileRef = BA4E541F28BF829E0070CE6E /* SceneDelegate.swift */; };
		BA4E542228BF829E0070CE6E /* ViewController.swift in Sources */ = {isa = PBXBuildFile; fileRef = BA4E542128BF829E0070CE6E /* ViewController.swift */; };
		BA4E542528BF829E0070CE6E /* Main.storyboard in Resources */ = {isa = PBXBuildFile; fileRef = BA4E542328BF829E0070CE6E /* Main.storyboard */; };
		BA4E542728BF82A00070CE6E /* Assets.xcassets in Resources */ = {isa = PBXBuildFile; fileRef = BA4E542628BF82A00070CE6E /* Assets.xcassets */; };
		BA4E542A28BF82A00070CE6E /* LaunchScreen.storyboard in Resources */ = {isa = PBXBuildFile; fileRef = BA4E542828BF82A00070CE6E /* LaunchScreen.storyboard */; };
/* End PBXBuildFile section */

/* Begin PBXFileReference section */
		732DD23344A3056F01A4AE9D /* Pods-HW2.9 WorkWithAnimation.debug.xcconfig */ = {isa = PBXFileReference; includeInIndex = 1; lastKnownFileType = text.xcconfig; name = "Pods-HW2.9 WorkWithAnimation.debug.xcconfig"; path = "Target Support Files/Pods-HW2.9 WorkWithAnimation/Pods-HW2.9 WorkWithAnimation.debug.xcconfig"; sourceTree = "<group>"; };
		8A4EA2EF906A014463745E71 /* Pods_HW2_9_WorkWithAnimation.framework */ = {isa = PBXFileReference; explicitFileType = wrapper.framework; includeInIndex = 0; path = Pods_HW2_9_WorkWithAnimation.framework; sourceTree = BUILT_PRODUCTS_DIR; };
		AB49150D118D07F6F01CF213 /* Pods-HW2.9 WorkWithAnimation.release.xcconfig */ = {isa = PBXFileReference; includeInIndex = 1; lastKnownFileType = text.xcconfig; name = "Pods-HW2.9 WorkWithAnimation.release.xcconfig"; path = "Target Support Files/Pods-HW2.9 WorkWithAnimation/Pods-HW2.9 WorkWithAnimation.release.xcconfig"; sourceTree = "<group>"; };
		BA4E541A28BF829E0070CE6E /* HW2.9 WorkWithAnimation.app */ = {isa = PBXFileReference; explicitFileType = wrapper.application; includeInIndex = 0; path = "HW2.9 WorkWithAnimation.app"; sourceTree = BUILT_PRODUCTS_DIR; };
		BA4E541D28BF829E0070CE6E /* AppDelegate.swift */ = {isa = PBXFileReference; lastKnownFileType = sourcecode.swift; path = AppDelegate.swift; sourceTree = "<group>"; };
		BA4E541F28BF829E0070CE6E /* SceneDelegate.swift */ = {isa = PBXFileReference; lastKnownFileType = sourcecode.swift; path = SceneDelegate.swift; sourceTree = "<group>"; };
		BA4E542128BF829E0070CE6E /* ViewController.swift */ = {isa = PBXFileReference; lastKnownFileType = sourcecode.swift; path = ViewController.swift; sourceTree = "<group>"; };
		BA4E542428BF829E0070CE6E /* Base */ = {isa = PBXFileReference; lastKnownFileType = file.storyboard; name = Base; path = Base.lproj/Main.storyboard; sourceTree = "<group>"; };
		BA4E542628BF82A00070CE6E /* Assets.xcassets */ = {isa = PBXFileReference; lastKnownFileType = folder.assetcatalog; path = Assets.xcassets; sourceTree = "<group>"; };
		BA4E542928BF82A00070CE6E /* Base */ = {isa = PBXFileReference; lastKnownFileType = file.storyboard; name = Base; path = Base.lproj/LaunchScreen.storyboard; sourceTree = "<group>"; };
		BA4E542B28BF82A00070CE6E /* Info.plist */ = {isa = PBXFileReference; lastKnownFileType = text.plist.xml; path = Info.plist; sourceTree = "<group>"; };
/* End PBXFileReference section */

/* Begin PBXFrameworksBuildPhase section */
		BA4E541728BF829E0070CE6E /* Frameworks */ = {
			isa = PBXFrameworksBuildPhase;
			buildActionMask = 2147483647;
			files = (
				3304F2625459F197D5ABEF6C /* Pods_HW2_9_WorkWithAnimation.framework in Frameworks */,
			);
			runOnlyForDeploymentPostprocessing = 0;
		};
/* End PBXFrameworksBuildPhase section */

/* Begin PBXGroup section */
		47168F958BF78539763C161F /* Frameworks */ = {
			isa = PBXGroup;
			children = (
				8A4EA2EF906A014463745E71 /* Pods_HW2_9_WorkWithAnimation.framework */,
			);
			name = Frameworks;
			sourceTree = "<group>";
		};
		6E8176799D3851B1F4523905 /* Pods */ = {
			isa = PBXGroup;
			children = (
				732DD23344A3056F01A4AE9D /* Pods-HW2.9 WorkWithAnimation.debug.xcconfig */,
				AB49150D118D07F6F01CF213 /* Pods-HW2.9 WorkWithAnimation.release.xcconfig */,
			);
			path = Pods;
			sourceTree = "<group>";
		};
		BA4E541128BF829E0070CE6E = {
			isa = PBXGroup;
			children = (
				BA4E541C28BF829E0070CE6E /* HW2.9 WorkWithAnimation */,
				BA4E541B28BF829E0070CE6E /* Products */,
				6E8176799D3851B1F4523905 /* Pods */,
				47168F958BF78539763C161F /* Frameworks */,
			);
			sourceTree = "<group>";
		};
		BA4E541B28BF829E0070CE6E /* Products */ = {
			isa = PBXGroup;
			children = (
				BA4E541A28BF829E0070CE6E /* HW2.9 WorkWithAnimation.app */,
			);
			name = Products;
			sourceTree = "<group>";
		};
		BA4E541C28BF829E0070CE6E /* HW2.9 WorkWithAnimation */ = {
			isa = PBXGroup;
			children = (
				BA4E541D28BF829E0070CE6E /* AppDelegate.swift */,
				BA4E541F28BF829E0070CE6E /* SceneDelegate.swift */,
				BA4E542128BF829E0070CE6E /* ViewController.swift */,
				BA4E542328BF829E0070CE6E /* Main.storyboard */,
				BA4E542628BF82A00070CE6E /* Assets.xcassets */,
				BA4E542828BF82A00070CE6E /* LaunchScreen.storyboard */,
				BA4E542B28BF82A00070CE6E /* Info.plist */,
			);
			path = "HW2.9 WorkWithAnimation";
			sourceTree = "<group>";
		};
/* End PBXGroup section */

/* Begin PBXNativeTarget section */
		BA4E541928BF829E0070CE6E /* HW2.9 WorkWithAnimation */ = {
			isa = PBXNativeTarget;
			buildConfigurationList = BA4E542E28BF82A00070CE6E /* Build configuration list for PBXNativeTarget "HW2.9 WorkWithAnimation" */;
			buildPhases = (
				49D347A281ECA27BFDDE0FF8 /* [CP] Check Pods Manifest.lock */,
				BA4E541628BF829E0070CE6E /* Sources */,
				BA4E541728BF829E0070CE6E /* Frameworks */,
				BA4E541828BF829E0070CE6E /* Resources */,
				E935654972CFCC52AFFB5DA9 /* [CP] Embed Pods Frameworks */,
			);
			buildRules = (
			);
			dependencies = (
			);
			name = "HW2.9 WorkWithAnimation";
			productName = "HW2.9 WorkWithAnimation";
			productReference = BA4E541A28BF829E0070CE6E /* HW2.9 WorkWithAnimation.app */;
			productType = "com.apple.product-type.application";
		};
/* End PBXNativeTarget section */

/* Begin PBXProject section */
		BA4E541228BF829E0070CE6E /* Project object */ = {
			isa = PBXProject;
			attributes = {
				BuildIndependentTargetsInParallel = 1;
				LastSwiftUpdateCheck = 1340;
				LastUpgradeCheck = 1340;
				TargetAttributes = {
					BA4E541928BF829E0070CE6E = {
						CreatedOnToolsVersion = 13.4.1;
					};
				};
			};
			buildConfigurationList = BA4E541528BF829E0070CE6E /* Build configuration list for PBXProject "HW2.9 WorkWithAnimation" */;
			compatibilityVersion = "Xcode 13.0";
			developmentRegion = en;
			hasScannedForEncodings = 0;
			knownRegions = (
				en,
				Base,
			);
			mainGroup = BA4E541128BF829E0070CE6E;
			productRefGroup = BA4E541B28BF829E0070CE6E /* Products */;
			projectDirPath = "";
			projectRoot = "";
			targets = (
				BA4E541928BF829E0070CE6E /* HW2.9 WorkWithAnimation */,
			);
		};
/* End PBXProject section */

/* Begin PBXResourcesBuildPhase section */
		BA4E541828BF829E0070CE6E /* Resources */ = {
			isa = PBXResourcesBuildPhase;
			buildActionMask = 2147483647;
			files = (
				BA4E542A28BF82A00070CE6E /* LaunchScreen.storyboard in Resources */,
				BA4E542728BF82A00070CE6E /* Assets.xcassets in Resources */,
				BA4E542528BF829E0070CE6E /* Main.storyboard in Resources */,
			);
			runOnlyForDeploymentPostprocessing = 0;
		};
/* End PBXResourcesBuildPhase section */

/* Begin PBXShellScriptBuildPhase section */
		49D347A281ECA27BFDDE0FF8 /* [CP] Check Pods Manifest.lock */ = {
			isa = PBXShellScriptBuildPhase;
			buildActionMask = 2147483647;
			files = (
			);
			inputFileListPaths = (
			);
			inputPaths = (
				"${PODS_PODFILE_DIR_PATH}/Podfile.lock",
				"${PODS_ROOT}/Manifest.lock",
			);
			name = "[CP] Check Pods Manifest.lock";
			outputFileListPaths = (
			);
			outputPaths = (
				"$(DERIVED_FILE_DIR)/Pods-HW2.9 WorkWithAnimation-checkManifestLockResult.txt",
			);
			runOnlyForDeploymentPostprocessing = 0;
			shellPath = /bin/sh;
			shellScript = "diff \"${PODS_PODFILE_DIR_PATH}/Podfile.lock\" \"${PODS_ROOT}/Manifest.lock\" > /dev/null\nif [ $? != 0 ] ; then\n    # print error to STDERR\n    echo \"error: The sandbox is not in sync with the Podfile.lock. Run 'pod install' or update your CocoaPods installation.\" >&2\n    exit 1\nfi\n# This output is used by Xcode 'outputs' to avoid re-running this script phase.\necho \"SUCCESS\" > \"${SCRIPT_OUTPUT_FILE_0}\"\n";
			showEnvVarsInLog = 0;
		};
		E935654972CFCC52AFFB5DA9 /* [CP] Embed Pods Frameworks */ = {
			isa = PBXShellScriptBuildPhase;
			buildActionMask = 2147483647;
			files = (
			);
			inputFileListPaths = (
				"${PODS_ROOT}/Target Support Files/Pods-HW2.9 WorkWithAnimation/Pods-HW2.9 WorkWithAnimation-frameworks-${CONFIGURATION}-input-files.xcfilelist",
			);
			name = "[CP] Embed Pods Frameworks";
			outputFileListPaths = (
				"${PODS_ROOT}/Target Support Files/Pods-HW2.9 WorkWithAnimation/Pods-HW2.9 WorkWithAnimation-frameworks-${CONFIGURATION}-output-files.xcfilelist",
			);
			runOnlyForDeploymentPostprocessing = 0;
			shellPath = /bin/sh;
			shellScript = "\"${PODS_ROOT}/Target Support Files/Pods-HW2.9 WorkWithAnimation/Pods-HW2.9 WorkWithAnimation-frameworks.sh\"\n";
			showEnvVarsInLog = 0;
		};
/* End PBXShellScriptBuildPhase section */

/* Begin PBXSourcesBuildPhase section */
		BA4E541628BF829E0070CE6E /* Sources */ = {
			isa = PBXSourcesBuildPhase;
			buildActionMask = 2147483647;
			files = (
				BA4E542228BF829E0070CE6E /* ViewController.swift in Sources */,
				BA4E541E28BF829E0070CE6E /* AppDelegate.swift in Sources */,
				BA4E542028BF829E0070CE6E /* SceneDelegate.swift in Sources */,
			);
			runOnlyForDeploymentPostprocessing = 0;
		};
/* End PBXSourcesBuildPhase section */

/* Begin PBXVariantGroup section */
		BA4E542328BF829E0070CE6E /* Main.storyboard */ = {
			isa = PBXVariantGroup;
			children = (
				BA4E542428BF829E0070CE6E /* Base */,
			);
			name = Main.storyboard;
			sourceTree = "<group>";
		};
		BA4E542828BF82A00070CE6E /* LaunchScreen.storyboard */ = {
			isa = PBXVariantGroup;
			children = (
				BA4E542928BF82A00070CE6E /* Base */,
			);
			name = LaunchScreen.storyboard;
			sourceTree = "<group>";
		};
/* End PBXVariantGroup section */

/* Begin XCBuildConfiguration section */
		BA4E542C28BF82A00070CE6E /* Debug */ = {
			isa = XCBuildConfiguration;
			buildSettings = {
				ALWAYS_SEARCH_USER_PATHS = NO;
				CLANG_ANALYZER_NONNULL = YES;
				CLANG_ANALYZER_NUMBER_OBJECT_CONVERSION = YES_AGGRESSIVE;
				CLANG_CXX_LANGUAGE_STANDARD = "gnu++17";
				CLANG_ENABLE_MODULES = YES;
				CLANG_ENABLE_OBJC_ARC = YES;
				CLANG_ENABLE_OBJC_WEAK = YES;
				CLANG_WARN_BLOCK_CAPTURE_AUTORELEASING = YES;
				CLANG_WARN_BOOL_CONVERSION = YES;
				CLANG_WARN_COMMA = YES;
				CLANG_WARN_CONSTANT_CONVERSION = YES;
				CLANG_WARN_DEPRECATED_OBJC_IMPLEMENTATIONS = YES;
				CLANG_WARN_DIRECT_OBJC_ISA_USAGE = YES_ERROR;
				CLANG_WARN_DOCUMENTATION_COMMENTS = YES;
				CLANG_WARN_EMPTY_BODY = YES;
				CLANG_WARN_ENUM_CONVERSION = YES;
				CLANG_WARN_INFINITE_RECURSION = YES;
				CLANG_WARN_INT_CONVERSION = YES;
				CLANG_WARN_NON_LITERAL_NULL_CONVERSION = YES;
				CLANG_WARN_OBJC_IMPLICIT_RETAIN_SELF = YES;
				CLANG_WARN_OBJC_LITERAL_CONVERSION = YES;
				CLANG_WARN_OBJC_ROOT_CLASS = YES_ERROR;
				CLANG_WARN_QUOTED_INCLUDE_IN_FRAMEWORK_HEADER = YES;
				CLANG_WARN_RANGE_LOOP_ANALYSIS = YES;
				CLANG_WARN_STRICT_PROTOTYPES = YES;
				CLANG_WARN_SUSPICIOUS_MOVE = YES;
				CLANG_WARN_UNGUARDED_AVAILABILITY = YES_AGGRESSIVE;
				CLANG_WARN_UNREACHABLE_CODE = YES;
				CLANG_WARN__DUPLICATE_METHOD_MATCH = YES;
				COPY_PHASE_STRIP = NO;
				DEBUG_INFORMATION_FORMAT = dwarf;
				ENABLE_STRICT_OBJC_MSGSEND = YES;
				ENABLE_TESTABILITY = YES;
				GCC_C_LANGUAGE_STANDARD = gnu11;
				GCC_DYNAMIC_NO_PIC = NO;
				GCC_NO_COMMON_BLOCKS = YES;
				GCC_OPTIMIZATION_LEVEL = 0;
				GCC_PREPROCESSOR_DEFINITIONS = (
					"DEBUG=1",
					"$(inherited)",
				);
				GCC_WARN_64_TO_32_BIT_CONVERSION = YES;
				GCC_WARN_ABOUT_RETURN_TYPE = YES_ERROR;
				GCC_WARN_UNDECLARED_SELECTOR = YES;
				GCC_WARN_UNINITIALIZED_AUTOS = YES_AGGRESSIVE;
				GCC_WARN_UNUSED_FUNCTION = YES;
				GCC_WARN_UNUSED_VARIABLE = YES;
				IPHONEOS_DEPLOYMENT_TARGET = 15.5;
				MTL_ENABLE_DEBUG_INFO = INCLUDE_SOURCE;
				MTL_FAST_MATH = YES;
				ONLY_ACTIVE_ARCH = YES;
				SDKROOT = iphoneos;
				SWIFT_ACTIVE_COMPILATION_CONDITIONS = DEBUG;
				SWIFT_OPTIMIZATION_LEVEL = "-Onone";
			};
			name = Debug;
		};
		BA4E542D28BF82A00070CE6E /* Release */ = {
			isa = XCBuildConfiguration;
			buildSettings = {
				ALWAYS_SEARCH_USER_PATHS = NO;
				CLANG_ANALYZER_NONNULL = YES;
				CLANG_ANALYZER_NUMBER_OBJECT_CONVERSION = YES_AGGRESSIVE;
				CLANG_CXX_LANGUAGE_STANDARD = "gnu++17";
				CLANG_ENABLE_MODULES = YES;
				CLANG_ENABLE_OBJC_ARC = YES;
				CLANG_ENABLE_OBJC_WEAK = YES;
				CLANG_WARN_BLOCK_CAPTURE_AUTORELEASING = YES;
				CLANG_WARN_BOOL_CONVERSION = YES;
				CLANG_WARN_COMMA = YES;
				CLANG_WARN_CONSTANT_CONVERSION = YES;
				CLANG_WARN_DEPRECATED_OBJC_IMPLEMENTATIONS = YES;
				CLANG_WARN_DIRECT_OBJC_ISA_USAGE = YES_ERROR;
				CLANG_WARN_DOCUMENTATION_COMMENTS = YES;
				CLANG_WARN_EMPTY_BODY = YES;
				CLANG_WARN_ENUM_CONVERSION = YES;
				CLANG_WARN_INFINITE_RECURSION = YES;
				CLANG_WARN_INT_CONVERSION = YES;
				CLANG_WARN_NON_LITERAL_NULL_CONVERSION = YES;
				CLANG_WARN_OBJC_IMPLICIT_RETAIN_SELF = YES;
				CLANG_WARN_OBJC_LITERAL_CONVERSION = YES;
				CLANG_WARN_OBJC_ROOT_CLASS = YES_ERROR;
				CLANG_WARN_QUOTED_INCLUDE_IN_FRAMEWORK_HEADER = YES;
				CLANG_WARN_RANGE_LOOP_ANALYSIS = YES;
				CLANG_WARN_STRICT_PROTOTYPES = YES;
				CLANG_WARN_SUSPICIOUS_MOVE = YES;
				CLANG_WARN_UNGUARDED_AVAILABILITY = YES_AGGRESSIVE;
				CLANG_WARN_UNREACHABLE_CODE = YES;
				CLANG_WARN__DUPLICATE_METHOD_MATCH = YES;
				COPY_PHASE_STRIP = NO;
				DEBUG_INFORMATION_FORMAT = "dwarf-with-dsym";
				ENABLE_NS_ASSERTIONS = NO;
				ENABLE_STRICT_OBJC_MSGSEND = YES;
				GCC_C_LANGUAGE_STANDARD = gnu11;
				GCC_NO_COMMON_BLOCKS = YES;
				GCC_WARN_64_TO_32_BIT_CONVERSION = YES;
				GCC_WARN_ABOUT_RETURN_TYPE = YES_ERROR;
				GCC_WARN_UNDECLARED_SELECTOR = YES;
				GCC_WARN_UNINITIALIZED_AUTOS = YES_AGGRESSIVE;
				GCC_WARN_UNUSED_FUNCTION = YES;
				GCC_WARN_UNUSED_VARIABLE = YES;
				IPHONEOS_DEPLOYMENT_TARGET = 15.5;
				MTL_ENABLE_DEBUG_INFO = NO;
				MTL_FAST_MATH = YES;
				SDKROOT = iphoneos;
				SWIFT_COMPILATION_MODE = wholemodule;
				SWIFT_OPTIMIZATION_LEVEL = "-O";
				VALIDATE_PRODUCT = YES;
			};
			name = Release;
		};
		BA4E542F28BF82A00070CE6E /* Debug */ = {
			isa = XCBuildConfiguration;
			baseConfigurationReference = 732DD23344A3056F01A4AE9D /* Pods-HW2.9 WorkWithAnimation.debug.xcconfig */;
			buildSettings = {
				ASSETCATALOG_COMPILER_APPICON_NAME = AppIcon;
				ASSETCATALOG_COMPILER_GLOBAL_ACCENT_COLOR_NAME = AccentColor;
				CODE_SIGN_STYLE = Automatic;
				CURRENT_PROJECT_VERSION = 1;
				DEVELOPMENT_TEAM = LBC2FW8GZY;
				GENERATE_INFOPLIST_FILE = YES;
				INFOPLIST_FILE = "HW2.9 WorkWithAnimation/Info.plist";
				INFOPLIST_KEY_UIApplicationSupportsIndirectInputEvents = YES;
				INFOPLIST_KEY_UILaunchStoryboardName = LaunchScreen;
				INFOPLIST_KEY_UIMainStoryboardFile = Main;
				INFOPLIST_KEY_UISupportedInterfaceOrientations_iPad = "UIInterfaceOrientationPortrait UIInterfaceOrientationPortraitUpsideDown UIInterfaceOrientationLandscapeLeft UIInterfaceOrientationLandscapeRight";
				INFOPLIST_KEY_UISupportedInterfaceOrientations_iPhone = "UIInterfaceOrientationPortrait UIInterfaceOrientationLandscapeLeft UIInterfaceOrientationLandscapeRight";
				IPHONEOS_DEPLOYMENT_TARGET = 15.0;
				LD_RUNPATH_SEARCH_PATHS = (
					"$(inherited)",
					"@executable_path/Frameworks",
				);
				MARKETING_VERSION = 1.0;
				PRODUCT_BUNDLE_IDENTIFIER = "ru.swiftbook.HW2-9-WorkWithAnimation";
				PRODUCT_NAME = "$(TARGET_NAME)";
				SWIFT_EMIT_LOC_STRINGS = YES;
				SWIFT_VERSION = 5.0;
				TARGETED_DEVICE_FAMILY = "1,2";
			};
			name = Debug;
		};
		BA4E543028BF82A00070CE6E /* Release */ = {
			isa = XCBuildConfiguration;
			baseConfigurationReference = AB49150D118D07F6F01CF213 /* Pods-HW2.9 WorkWithAnimation.release.xcconfig */;
			buildSettings = {
				ASSETCATALOG_COMPILER_APPICON_NAME = AppIcon;
				ASSETCATALOG_COMPILER_GLOBAL_ACCENT_COLOR_NAME = AccentColor;
				CODE_SIGN_STYLE = Automatic;
				CURRENT_PROJECT_VERSION = 1;
				DEVELOPMENT_TEAM = LBC2FW8GZY;
				GENERATE_INFOPLIST_FILE = YES;
				INFOPLIST_FILE = "HW2.9 WorkWithAnimation/Info.plist";
				INFOPLIST_KEY_UIApplicationSupportsIndirectInputEvents = YES;
				INFOPLIST_KEY_UILaunchStoryboardName = LaunchScreen;
				INFOPLIST_KEY_UIMainStoryboardFile = Main;
				INFOPLIST_KEY_UISupportedInterfaceOrientations_iPad = "UIInterfaceOrientationPortrait UIInterfaceOrientationPortraitUpsideDown UIInterfaceOrientationLandscapeLeft UIInterfaceOrientationLandscapeRight";
				INFOPLIST_KEY_UISupportedInterfaceOrientations_iPhone = "UIInterfaceOrientationPortrait UIInterfaceOrientationLandscapeLeft UIInterfaceOrientationLandscapeRight";
				IPHONEOS_DEPLOYMENT_TARGET = 15.0;
				LD_RUNPATH_SEARCH_PATHS = (
					"$(inherited)",
					"@executable_path/Frameworks",
				);
				MARKETING_VERSION = 1.0;
				PRODUCT_BUNDLE_IDENTIFIER = "ru.swiftbook.HW2-9-WorkWithAnimation";
				PRODUCT_NAME = "$(TARGET_NAME)";
				SWIFT_EMIT_LOC_STRINGS = YES;
				SWIFT_VERSION = 5.0;
				TARGETED_DEVICE_FAMILY = "1,2";
			};
			name = Release;
		};
/* End XCBuildConfiguration section */

/* Begin XCConfigurationList section */
		BA4E541528BF829E0070CE6E /* Build configuration list for PBXProject "HW2.9 WorkWithAnimation" */ = {
			isa = XCConfigurationList;
			buildConfigurations = (
				BA4E542C28BF82A00070CE6E /* Debug */,
				BA4E542D28BF82A00070CE6E /* Release */,
			);
			defaultConfigurationIsVisible = 0;
			defaultConfigurationName = Release;
		};
		BA4E542E28BF82A00070CE6E /* Build configuration list for PBXNativeTarget "HW2.9 WorkWithAnimation" */ = {
			isa = XCConfigurationList;
			buildConfigurations = (
				BA4E542F28BF82A00070CE6E /* Debug */,
				BA4E543028BF82A00070CE6E /* Release */,
			);
			defaultConfigurationIsVisible = 0;
			defaultConfigurationName = Release;
		};
/* End XCConfigurationList section */
	};
	rootObject = BA4E541228BF829E0070CE6E /* Project object */;
}
